
Microsoft Visual Studio Solution File, Format Version 12.00
# Visual Studio Version 17
VisualStudioVersion = 17.5.002.0
MinimumVisualStudioVersion = 10.0.40219.1
Project("{9A19103F-16F7-4668-BE54-9A1E7A4F7556}") = "ProjectName", "ProjectName\ProjectName.csproj", "{3CD6C141-E615-4D75-88DD-C7DA310FAFCF}"
EndProject
Project("{9A19103F-16F7-4668-BE54-9A1E7A4F7556}") = "ProjectName.Tests", "ProjectName.Tests\ProjectName.Tests.csproj", "{AB46638E-F6DB-4E93-BC87-4E82337DCADB}"
EndProject
Global
	GlobalSection(SolutionConfigurationPlatforms) = preSolution
		Debug|Any CPU = Debug|Any CPU
		Release|Any CPU = Release|Any CPU
	EndGlobalSection
	GlobalSection(ProjectConfigurationPlatforms) = postSolution
		{3CD6C141-E615-4D75-88DD-C7DA310FAFCF}.Debug|Any CPU.ActiveCfg = Debug|Any CPU
		{3CD6C141-E615-4D75-88DD-C7DA310FAFCF}.Debug|Any CPU.Build.0 = Debug|Any CPU
		{3CD6C141-E615-4D75-88DD-C7DA310FAFCF}.Release|Any CPU.ActiveCfg = Release|Any CPU
		{3CD6C141-E615-4D75-88DD-C7DA310FAFCF}.Release|Any CPU.Build.0 = Release|Any CPU
		{AB46638E-F6DB-4E93-BC87-4E82337DCADB}.Debug|Any CPU.ActiveCfg = Debug|Any CPU
		{AB46638E-F6DB-4E93-BC87-4E82337DCADB}.Debug|Any CPU.Build.0 = Debug|Any CPU
		{AB46638E-F6DB-4E93-BC87-4E82337DCADB}.Release|Any CPU.ActiveCfg = Release|Any CPU
		{AB46638E-F6DB-4E93-BC87-4E82337DCADB}.Release|Any CPU.Build.0 = Release|Any CPU
	EndGlobalSection
	GlobalSection(SolutionProperties) = preSolution
		HideSolutionNode = FALSE
	EndGlobalSection
	GlobalSection(ExtensibilityGlobals) = postSolution
		SolutionGuid = {F4F65284-7B33-42BB-B67E-701241A53A09}
	EndGlobalSection
EndGlobal
